
Microsoft Visual Studio Solution File, Format Version 12.00
# Visual Studio 15
VisualStudioVersion = 15.0.26730.16
MinimumVisualStudioVersion = 10.0.40219.1
Project("{9A19103F-16F7-4668-BE54-9A1E7A4F7556}") = "PlaceHolderParsingAPI", "PlaceHolderParsingAPI\PlaceHolderParsingAPI.csproj", "{1144B83A-8DE3-4B51-8D55-9E051A49642C}"
EndProject
Project("{9A19103F-16F7-4668-BE54-9A1E7A4F7556}") = "PlaceHolderParsingAPI.Parsing", "PlaceHolderParsingAPI.Parsing\PlaceHolderParsingAPI.Parsing.csproj", "{C7B6D907-0952-40A9-8F6A-2718F045796F}"
EndProject
Project("{9A19103F-16F7-4668-BE54-9A1E7A4F7556}") = "PlaceHolderParsingAPI.Domain", "PlaceHolderParsingAPI.Domain\PlaceHolderParsingAPI.Domain.csproj", "{0275E3F3-C856-474A-A34A-83FC78805634}"
EndProject
Project("{9A19103F-16F7-4668-BE54-9A1E7A4F7556}") = "PlaceHolderParsingAPI.Service", "PlaceHolderParsingAPI.Service\PlaceHolderParsingAPI.Service.csproj", "{65E27F0C-EB16-4BA3-8AFA-BA3961B984EE}"
EndProject
Project("{9A19103F-16F7-4668-BE54-9A1E7A4F7556}") = "PlaceHolderParsingAPI.Utils", "PlaceHolderParsingAPI.Utils\PlaceHolderParsingAPI.Utils.csproj", "{721C04F4-977E-4517-9CDA-548E9915647B}"
EndProject
Global
	GlobalSection(SolutionConfigurationPlatforms) = preSolution
		Debug|Any CPU = Debug|Any CPU
		Release|Any CPU = Release|Any CPU
	EndGlobalSection
	GlobalSection(ProjectConfigurationPlatforms) = postSolution
		{1144B83A-8DE3-4B51-8D55-9E051A49642C}.Debug|Any CPU.ActiveCfg = Debug|Any CPU
		{1144B83A-8DE3-4B51-8D55-9E051A49642C}.Debug|Any CPU.Build.0 = Debug|Any CPU
		{1144B83A-8DE3-4B51-8D55-9E051A49642C}.Release|Any CPU.ActiveCfg = Release|Any CPU
		{1144B83A-8DE3-4B51-8D55-9E051A49642C}.Release|Any CPU.Build.0 = Release|Any CPU
		{C7B6D907-0952-40A9-8F6A-2718F045796F}.Debug|Any CPU.ActiveCfg = Debug|Any CPU
		{C7B6D907-0952-40A9-8F6A-2718F045796F}.Debug|Any CPU.Build.0 = Debug|Any CPU
		{C7B6D907-0952-40A9-8F6A-2718F045796F}.Release|Any CPU.ActiveCfg = Release|Any CPU
		{C7B6D907-0952-40A9-8F6A-2718F045796F}.Release|Any CPU.Build.0 = Release|Any CPU
		{0275E3F3-C856-474A-A34A-83FC78805634}.Debug|Any CPU.ActiveCfg = Debug|Any CPU
		{0275E3F3-C856-474A-A34A-83FC78805634}.Debug|Any CPU.Build.0 = Debug|Any CPU
		{0275E3F3-C856-474A-A34A-83FC78805634}.Release|Any CPU.ActiveCfg = Release|Any CPU
		{0275E3F3-C856-474A-A34A-83FC78805634}.Release|Any CPU.Build.0 = Release|Any CPU
		{65E27F0C-EB16-4BA3-8AFA-BA3961B984EE}.Debug|Any CPU.ActiveCfg = Debug|Any CPU
		{65E27F0C-EB16-4BA3-8AFA-BA3961B984EE}.Debug|Any CPU.Build.0 = Debug|Any CPU
		{65E27F0C-EB16-4BA3-8AFA-BA3961B984EE}.Release|Any CPU.ActiveCfg = Release|Any CPU
		{65E27F0C-EB16-4BA3-8AFA-BA3961B984EE}.Release|Any CPU.Build.0 = Release|Any CPU
		{721C04F4-977E-4517-9CDA-548E9915647B}.Debug|Any CPU.ActiveCfg = Debug|Any CPU
		{721C04F4-977E-4517-9CDA-548E9915647B}.Debug|Any CPU.Build.0 = Debug|Any CPU
		{721C04F4-977E-4517-9CDA-548E9915647B}.Release|Any CPU.ActiveCfg = Release|Any CPU
		{721C04F4-977E-4517-9CDA-548E9915647B}.Release|Any CPU.Build.0 = Release|Any CPU
	EndGlobalSection
	GlobalSection(SolutionProperties) = preSolution
		HideSolutionNode = FALSE
	EndGlobalSection
	GlobalSection(ExtensibilityGlobals) = postSolution
		SolutionGuid = {6BCFA221-8C4B-4F01-9E27-902AD89BEFCF}
	EndGlobalSection
EndGlobal
